
Microsoft Visual Studio Solution File, Format Version 12.00
# Visual Studio 14
VisualStudioVersion = 14.0.25420.1
MinimumVisualStudioVersion = 10.0.40219.1
Project("{FAE04EC0-301F-11D3-BF4B-00C04F79EFBC}") = "HomeShare", "HomeShare\HomeShare.csproj", "{D158B620-405D-412D-9C06-1F7C367093D6}"
EndProject
Project("{FAE04EC0-301F-11D3-BF4B-00C04F79EFBC}") = "HomeShare.Tests", "HomeShare.Tests\HomeShare.Tests.csproj", "{3AAF7E1D-E02D-4998-8281-A49E66DCF935}"
EndProject
Project("{FAE04EC0-301F-11D3-BF4B-00C04F79EFBC}") = "DAL", "DAL\DAL.csproj", "{BC9A5B4F-B4C4-4666-87CF-428007F34FCC}"
EndProject
Project("{FAE04EC0-301F-11D3-BF4B-00C04F79EFBC}") = "HomeService", "HomeService\HomeService.csproj", "{86BB8C9C-1818-4E5F-A1EF-FD0506980028}"
EndProject
Global
	GlobalSection(SolutionConfigurationPlatforms) = preSolution
		Debug|Any CPU = Debug|Any CPU
		Release|Any CPU = Release|Any CPU
	EndGlobalSection
	GlobalSection(ProjectConfigurationPlatforms) = postSolution
		{D158B620-405D-412D-9C06-1F7C367093D6}.Debug|Any CPU.ActiveCfg = Debug|Any CPU
		{D158B620-405D-412D-9C06-1F7C367093D6}.Debug|Any CPU.Build.0 = Debug|Any CPU
		{D158B620-405D-412D-9C06-1F7C367093D6}.Release|Any CPU.ActiveCfg = Release|Any CPU
		{D158B620-405D-412D-9C06-1F7C367093D6}.Release|Any CPU.Build.0 = Release|Any CPU
		{3AAF7E1D-E02D-4998-8281-A49E66DCF935}.Debug|Any CPU.ActiveCfg = Debug|Any CPU
		{3AAF7E1D-E02D-4998-8281-A49E66DCF935}.Debug|Any CPU.Build.0 = Debug|Any CPU
		{3AAF7E1D-E02D-4998-8281-A49E66DCF935}.Release|Any CPU.ActiveCfg = Release|Any CPU
		{3AAF7E1D-E02D-4998-8281-A49E66DCF935}.Release|Any CPU.Build.0 = Release|Any CPU
		{BC9A5B4F-B4C4-4666-87CF-428007F34FCC}.Debug|Any CPU.ActiveCfg = Debug|Any CPU
		{BC9A5B4F-B4C4-4666-87CF-428007F34FCC}.Debug|Any CPU.Build.0 = Debug|Any CPU
		{BC9A5B4F-B4C4-4666-87CF-428007F34FCC}.Release|Any CPU.ActiveCfg = Release|Any CPU
		{BC9A5B4F-B4C4-4666-87CF-428007F34FCC}.Release|Any CPU.Build.0 = Release|Any CPU
		{86BB8C9C-1818-4E5F-A1EF-FD0506980028}.Debug|Any CPU.ActiveCfg = Debug|Any CPU
		{86BB8C9C-1818-4E5F-A1EF-FD0506980028}.Debug|Any CPU.Build.0 = Debug|Any CPU
		{86BB8C9C-1818-4E5F-A1EF-FD0506980028}.Release|Any CPU.ActiveCfg = Release|Any CPU
		{86BB8C9C-1818-4E5F-A1EF-FD0506980028}.Release|Any CPU.Build.0 = Release|Any CPU
	EndGlobalSection
	GlobalSection(SolutionProperties) = preSolution
		HideSolutionNode = FALSE
	EndGlobalSection
EndGlobal
